
Microsoft Visual Studio Solution File, Format Version 12.00
# Visual Studio Version 17
VisualStudioVersion = 17.8.34330.188
MinimumVisualStudioVersion = 10.0.40219.1
Project("{FAE04EC0-301F-11D3-BF4B-00C04F79EFBC}") = "KursovoiProject", "KursovoiProject\KursovoiProject.csproj", "{7B3FB8D6-81A9-4A64-8EB7-E1FD3B2A3874}"
EndProject
Global
	GlobalSection(SolutionConfigurationPlatforms) = preSolution
		Debug|Any CPU = Debug|Any CPU
		Release|Any CPU = Release|Any CPU
	EndGlobalSection
	GlobalSection(ProjectConfigurationPlatforms) = postSolution
		{7B3FB8D6-81A9-4A64-8EB7-E1FD3B2A3874}.Debug|Any CPU.ActiveCfg = Debug|Any CPU
		{7B3FB8D6-81A9-4A64-8EB7-E1FD3B2A3874}.Debug|Any CPU.Build.0 = Debug|Any CPU
		{7B3FB8D6-81A9-4A64-8EB7-E1FD3B2A3874}.Release|Any CPU.ActiveCfg = Release|Any CPU
		{7B3FB8D6-81A9-4A64-8EB7-E1FD3B2A3874}.Release|Any CPU.Build.0 = Release|Any CPU
	EndGlobalSection
	GlobalSection(SolutionProperties) = preSolution
		HideSolutionNode = FALSE
	EndGlobalSection
	GlobalSection(ExtensibilityGlobals) = postSolution
		SolutionGuid = {E791ED72-55A0-4F9F-8D98-6B744CABC734}
	EndGlobalSection
EndGlobal
